# This file is autogenerated, do not edit; changes may be undone by the next 'dep ensure'.


[[projects]]
  name = "github.com/cockroachdb/cockroach"
  packages = [
    "pkg/util/httputil",
    "pkg/util/protoutil",
    "pkg/util/syncutil"
  ]
  revision = "ec52ded95a5235d71f26b6cbc59924bd6733fb3a"
  version = "v1.1.5"

[[projects]]
  branch = "master"
  name = "github.com/gogo/googleapis"
  packages = ["google/api"]
  revision = "262acac113c2f2bc25bbf810056cd382f61b8386"

[[projects]]
  name = "github.com/gogo/protobuf"
  packages = [
    "gogoproto",
    "jsonpb",
    "plugin/compare",
    "plugin/defaultcheck",
    "plugin/description",
    "plugin/embedcheck",
    "plugin/enumstringer",
    "plugin/equal",
    "plugin/face",
    "plugin/gostring",
    "plugin/marshalto",
    "plugin/oneofcheck",
    "plugin/populate",
    "plugin/size",
    "plugin/stringer",
    "plugin/testgen",
    "plugin/union",
    "plugin/unmarshal",
    "proto",
    "protoc-gen-gogo",
    "protoc-gen-gogo/descriptor",
    "protoc-gen-gogo/generator",
    "protoc-gen-gogo/grpc",
    "protoc-gen-gogo/plugin",
    "sortkeys",
    "types",
    "vanity",
    "vanity/command"
  ]
  revision = "1adfc126b41513cc696b209667c8656ea7aac67c"
  version = "v1.0.0"

[[projects]]
  branch = "master"
  name = "github.com/golang/glog"
  packages = ["."]
  revision = "23def4e6c14b4da8ac2ed8007337bc5eb5007998"

[[projects]]
  branch = "master"
  name = "github.com/golang/mock"
  packages = [
    "gomock",
    "mockgen",
    "mockgen/model"
  ]
  revision = "58cd061d09382b6011f84c1291ebe50ef2e25bab"

[[projects]]
  name = "github.com/golang/protobuf"
  packages = [
    "jsonpb",
    "proto",
    "protoc-gen-go/descriptor",
    "protoc-gen-go/generator",
    "protoc-gen-go/plugin",
    "ptypes",
    "ptypes/any",
    "ptypes/duration",
    "ptypes/struct",
    "ptypes/timestamp"
  ]
  revision = "925541529c1fa6821df4e44ce2723319eb2be768"
  version = "v1.0.0"

[[projects]]
  branch = "master"
  name = "github.com/grpc-ecosystem/go-grpc-middleware"
  packages = ["validator"]
  revision = "d0c54e68681ec7999ac17864470f3bee6521ba2b"

[[projects]]
  name = "github.com/grpc-ecosystem/grpc-gateway"
  packages = [
    "protoc-gen-grpc-gateway",
    "protoc-gen-grpc-gateway/descriptor",
    "protoc-gen-grpc-gateway/generator",
    "protoc-gen-grpc-gateway/gengateway",
    "protoc-gen-grpc-gateway/httprule",
    "protoc-gen-swagger",
    "protoc-gen-swagger/genswagger",
    "protoc-gen-swagger/options",
    "runtime",
    "runtime/internal",
    "utilities"
  ]
  revision = "07f5e79768022f9a3265235f0db4ac8c3f675fec"
  version = "v1.3.1"

[[projects]]
  branch = "master"
  name = "github.com/mwitkow/go-proto-validators"
  packages = [
    ".",
    "plugin",
    "protoc-gen-govalidators"
  ]
  revision = "a55ca57f374a8846924b030f534d8b8211508cf0"

[[projects]]
  branch = "master"
  name = "github.com/petermattis/goid"
  packages = ["."]
  revision = "b0b1615b78e5ee59739545bb38426383b2cda4c9"

[[projects]]
  name = "github.com/pkg/errors"
  packages = ["."]
  revision = "645ef00459ed84a119197bfb8d8205042c6df63d"
  version = "v0.8.0"

[[projects]]
  name = "github.com/sasha-s/go-deadlock"
  packages = ["."]
  revision = "03d40e5dbd5488667a13b3c2600b2f7c2886f02f"
  version = "v0.2.0"

[[projects]]
  branch = "master"
  name = "github.com/shurcooL/httpfs"
  packages = ["vfsutil"]
  revision = "809beceb23714880abc4a382a00c05f89d13b1cc"

[[projects]]
  branch = "master"
  name = "github.com/shurcooL/vfsgen"
  packages = ["."]
  revision = "ffb13db8def02f545acc58bd288ec6057c2bbfb9"

[[projects]]
  branch = "master"
  name = "golang.org/x/net"
  packages = [
    "context",
    "http2",
    "http2/hpack",
    "idna",
    "internal/timeseries",
    "lex/httplex",
    "trace"
  ]
  revision = "cbe0f9307d0156177f9dd5dc85da1a31abc5f2fb"

[[projects]]
  branch = "master"
  name = "golang.org/x/text"
  packages = [
    "collate",
    "collate/build",
    "internal/colltab",
    "internal/gen",
    "internal/tag",
    "internal/triegen",
    "internal/ucd",
    "language",
    "secure/bidirule",
    "transform",
    "unicode/bidi",
    "unicode/cldr",
    "unicode/norm",
    "unicode/rangetable"
  ]
  revision = "4e4a3210bb54bb31f6ab2cdca2edcc0b50c420c1"

[[projects]]
  branch = "master"
  name = "google.golang.org/genproto"
  packages = [
    "googleapis/api/annotations",
    "googleapis/rpc/status"
  ]
  revision = "2b5a72b8730b0b16380010cfe5286c42108d88e7"

[[projects]]
  name = "google.golang.org/grpc"
  packages = [
    ".",
    "balancer",
    "balancer/base",
    "balancer/roundrobin",
    "codes",
    "connectivity",
    "credentials",
    "encoding",
    "encoding/proto",
    "grpclb/grpc_lb_v1/messages",
    "grpclog",
    "internal",
    "keepalive",
    "metadata",
    "naming",
    "peer",
    "resolver",
    "resolver/dns",
    "resolver/passthrough",
    "stats",
    "status",
    "tap",
    "transport"
  ]
  revision = "8e4536a86ab602859c20df5ebfd0bd4228d08655"
  version = "v1.10.0"

[solve-meta]
  analyzer-name = "dep"
  analyzer-version = 1
  inputs-digest = "36e116055c31e87b08f3ee605b5f6c1818b96a90bc8d6e131493315f13cd9785"
  solver-name = "gps-cdcl"
  solver-version = 1
